// !$*UTF8*$!
{
	archiveVersion = 1;
	classes = {
	};
	objectVersion = 50;
	objects = {

/* Begin PBXBuildFile section */
		716E8E8C267E0BF00088A04D /* AppDelegate.swift in Sources */ = {isa = PBXBuildFile; fileRef = 716E8E8B267E0BF00088A04D /* AppDelegate.swift */; };
		716E8E8E267E0BF00088A04D /* SceneDelegate.swift in Sources */ = {isa = PBXBuildFile; fileRef = 716E8E8D267E0BF00088A04D /* SceneDelegate.swift */; };
		716E8E90267E0BF00088A04D /* ViewController.swift in Sources */ = {isa = PBXBuildFile; fileRef = 716E8E8F267E0BF00088A04D /* ViewController.swift */; };
		716E8E93267E0BF00088A04D /* Main.storyboard in Resources */ = {isa = PBXBuildFile; fileRef = 716E8E91267E0BF00088A04D /* Main.storyboard */; };
		716E8E95267E0BF10088A04D /* Assets.xcassets in Resources */ = {isa = PBXBuildFile; fileRef = 716E8E94267E0BF10088A04D /* Assets.xcassets */; };
		716E8E98267E0BF10088A04D /* LaunchScreen.storyboard in Resources */ = {isa = PBXBuildFile; fileRef = 716E8E96267E0BF10088A04D /* LaunchScreen.storyboard */; };
		716E8EB1267E0CC50088A04D /* bg_blue@2x.png in Resources */ = {isa = PBXBuildFile; fileRef = 716E8EA2267E0CC50088A04D /* bg_blue@2x.png */; };
		716E8EB2267E0CC50088A04D /* bg_gold@2x.png in Resources */ = {isa = PBXBuildFile; fileRef = 716E8EA3267E0CC50088A04D /* bg_gold@2x.png */; };
		716E8EB3267E0CC50088A04D /* gacha@2x.png in Resources */ = {isa = PBXBuildFile; fileRef = 716E8EA4267E0CC50088A04D /* gacha@2x.png */; };
		716E8EB4267E0CC50088A04D /* bg_red@2x.png in Resources */ = {isa = PBXBuildFile; fileRef = 716E8EA5267E0CC50088A04D /* bg_red@2x.png */; };
		716E8EB5267E0CC50088A04D /* monster005.png in Resources */ = {isa = PBXBuildFile; fileRef = 716E8EA7267E0CC50088A04D /* monster005.png */; };
		716E8EB6267E0CC50088A04D /* monster010.png in Resources */ = {isa = PBXBuildFile; fileRef = 716E8EA8267E0CC50088A04D /* monster010.png */; };
		716E8EB7267E0CC50088A04D /* monster004.png in Resources */ = {isa = PBXBuildFile; fileRef = 716E8EA9267E0CC50088A04D /* monster004.png */; };
		716E8EB8267E0CC50088A04D /* monster006.png in Resources */ = {isa = PBXBuildFile; fileRef = 716E8EAA267E0CC50088A04D /* monster006.png */; };
		716E8EB9267E0CC50088A04D /* monster007.png in Resources */ = {isa = PBXBuildFile; fileRef = 716E8EAB267E0CC50088A04D /* monster007.png */; };
		716E8EBA267E0CC50088A04D /* monster003.png in Resources */ = {isa = PBXBuildFile; fileRef = 716E8EAC267E0CC50088A04D /* monster003.png */; };
		716E8EBB267E0CC50088A04D /* monster002.png in Resources */ = {isa = PBXBuildFile; fileRef = 716E8EAD267E0CC50088A04D /* monster002.png */; };
		716E8EBC267E0CC50088A04D /* monster001.png in Resources */ = {isa = PBXBuildFile; fileRef = 716E8EAE267E0CC50088A04D /* monster001.png */; };
		716E8EBD267E0CC50088A04D /* monster009.png in Resources */ = {isa = PBXBuildFile; fileRef = 716E8EAF267E0CC50088A04D /* monster009.png */; };
		716E8EBE267E0CC50088A04D /* monster008.png in Resources */ = {isa = PBXBuildFile; fileRef = 716E8EB0267E0CC50088A04D /* monster008.png */; };
		716E8EC0267E0EA60088A04D /* ResultViewController.swift in Sources */ = {isa = PBXBuildFile; fileRef = 716E8EBF267E0EA60088A04D /* ResultViewController.swift */; };
/* End PBXBuildFile section */

/* Begin PBXFileReference section */
		716E8E88267E0BF00088A04D /* Gacha.app */ = {isa = PBXFileReference; explicitFileType = wrapper.application; includeInIndex = 0; path = Gacha.app; sourceTree = BUILT_PRODUCTS_DIR; };
		716E8E8B267E0BF00088A04D /* AppDelegate.swift */ = {isa = PBXFileReference; lastKnownFileType = sourcecode.swift; path = AppDelegate.swift; sourceTree = "<group>"; };
		716E8E8D267E0BF00088A04D /* SceneDelegate.swift */ = {isa = PBXFileReference; lastKnownFileType = sourcecode.swift; path = SceneDelegate.swift; sourceTree = "<group>"; };
		716E8E8F267E0BF00088A04D /* ViewController.swift */ = {isa = PBXFileReference; lastKnownFileType = sourcecode.swift; path = ViewController.swift; sourceTree = "<group>"; };
		716E8E92267E0BF00088A04D /* Base */ = {isa = PBXFileReference; lastKnownFileType = file.storyboard; name = Base; path = Base.lproj/Main.storyboard; sourceTree = "<group>"; };
		716E8E94267E0BF10088A04D /* Assets.xcassets */ = {isa = PBXFileReference; lastKnownFileType = folder.assetcatalog; path = Assets.xcassets; sourceTree = "<group>"; };
		716E8E97267E0BF10088A04D /* Base */ = {isa = PBXFileReference; lastKnownFileType = file.storyboard; name = Base; path = Base.lproj/LaunchScreen.storyboard; sourceTree = "<group>"; };
		716E8E99267E0BF10088A04D /* Info.plist */ = {isa = PBXFileReference; lastKnownFileType = text.plist.xml; path = Info.plist; sourceTree = "<group>"; };
		716E8EA2267E0CC50088A04D /* bg_blue@2x.png */ = {isa = PBXFileReference; lastKnownFileType = image.png; path = "bg_blue@2x.png"; sourceTree = "<group>"; };
		716E8EA3267E0CC50088A04D /* bg_gold@2x.png */ = {isa = PBXFileReference; lastKnownFileType = image.png; path = "bg_gold@2x.png"; sourceTree = "<group>"; };
		716E8EA4267E0CC50088A04D /* gacha@2x.png */ = {isa = PBXFileReference; lastKnownFileType = image.png; path = "gacha@2x.png"; sourceTree = "<group>"; };
		716E8EA5267E0CC50088A04D /* bg_red@2x.png */ = {isa = PBXFileReference; lastKnownFileType = image.png; path = "bg_red@2x.png"; sourceTree = "<group>"; };
		716E8EA7267E0CC50088A04D /* monster005.png */ = {isa = PBXFileReference; lastKnownFileType = image.png; path = monster005.png; sourceTree = "<group>"; };
		716E8EA8267E0CC50088A04D /* monster010.png */ = {isa = PBXFileReference; lastKnownFileType = image.png; path = monster010.png; sourceTree = "<group>"; };
		716E8EA9267E0CC50088A04D /* monster004.png */ = {isa = PBXFileReference; lastKnownFileType = image.png; path = monster004.png; sourceTree = "<group>"; };
		716E8EAA267E0CC50088A04D /* monster006.png */ = {isa = PBXFileReference; lastKnownFileType = image.png; path = monster006.png; sourceTree = "<group>"; };
		716E8EAB267E0CC50088A04D /* monster007.png */ = {isa = PBXFileReference; lastKnownFileType = image.png; path = monster007.png; sourceTree = "<group>"; };
		716E8EAC267E0CC50088A04D /* monster003.png */ = {isa = PBXFileReference; lastKnownFileType = image.png; path = monster003.png; sourceTree = "<group>"; };
		716E8EAD267E0CC50088A04D /* monster002.png */ = {isa = PBXFileReference; lastKnownFileType = image.png; path = monster002.png; sourceTree = "<group>"; };
		716E8EAE267E0CC50088A04D /* monster001.png */ = {isa = PBXFileReference; lastKnownFileType = image.png; path = monster001.png; sourceTree = "<group>"; };
		716E8EAF267E0CC50088A04D /* monster009.png */ = {isa = PBXFileReference; lastKnownFileType = image.png; path = monster009.png; sourceTree = "<group>"; };
		716E8EB0267E0CC50088A04D /* monster008.png */ = {isa = PBXFileReference; lastKnownFileType = image.png; path = monster008.png; sourceTree = "<group>"; };
		716E8EBF267E0EA60088A04D /* ResultViewController.swift */ = {isa = PBXFileReference; lastKnownFileType = sourcecode.swift; path = ResultViewController.swift; sourceTree = "<group>"; };
/* End PBXFileReference section */

/* Begin PBXFrameworksBuildPhase section */
		716E8E85267E0BF00088A04D /* Frameworks */ = {
			isa = PBXFrameworksBuildPhase;
			buildActionMask = 2147483647;
			files = (
			);
			runOnlyForDeploymentPostprocessing = 0;
		};
/* End PBXFrameworksBuildPhase section */

/* Begin PBXGroup section */
		716E8E7F267E0BF00088A04D = {
			isa = PBXGroup;
			children = (
				716E8E8A267E0BF00088A04D /* Gacha */,
				716E8E89267E0BF00088A04D /* Products */,
			);
			sourceTree = "<group>";
		};
		716E8E89267E0BF00088A04D /* Products */ = {
			isa = PBXGroup;
			children = (
				716E8E88267E0BF00088A04D /* Gacha.app */,
			);
			name = Products;
			sourceTree = "<group>";
		};
		716E8E8A267E0BF00088A04D /* Gacha */ = {
			isa = PBXGroup;
			children = (
				716E8E8B267E0BF00088A04D /* AppDelegate.swift */,
				716E8E8D267E0BF00088A04D /* SceneDelegate.swift */,
				716E8E8F267E0BF00088A04D /* ViewController.swift */,
				716E8E91267E0BF00088A04D /* Main.storyboard */,
				716E8EBF267E0EA60088A04D /* ResultViewController.swift */,
				716E8EA0267E0CC40088A04D /* GachaResources */,
				716E8E94267E0BF10088A04D /* Assets.xcassets */,
				716E8E96267E0BF10088A04D /* LaunchScreen.storyboard */,
				716E8E99267E0BF10088A04D /* Info.plist */,
			);
			path = Gacha;
			sourceTree = "<group>";
		};
		716E8EA0267E0CC40088A04D /* GachaResources */ = {
			isa = PBXGroup;
			children = (
				716E8EA1267E0CC40088A04D /* background */,
				716E8EA6267E0CC50088A04D /* monster */,
			);
			path = GachaResources;
			sourceTree = "<group>";
		};
		716E8EA1267E0CC40088A04D /* background */ = {
			isa = PBXGroup;
			children = (
				716E8EA2267E0CC50088A04D /* bg_blue@2x.png */,
				716E8EA3267E0CC50088A04D /* bg_gold@2x.png */,
				716E8EA4267E0CC50088A04D /* gacha@2x.png */,
				716E8EA5267E0CC50088A04D /* bg_red@2x.png */,
			);
			path = background;
			sourceTree = "<group>";
		};
		716E8EA6267E0CC50088A04D /* monster */ = {
			isa = PBXGroup;
			children = (
				716E8EA7267E0CC50088A04D /* monster005.png */,
				716E8EA8267E0CC50088A04D /* monster010.png */,
				716E8EA9267E0CC50088A04D /* monster004.png */,
				716E8EAA267E0CC50088A04D /* monster006.png */,
				716E8EAB267E0CC50088A04D /* monster007.png */,
				716E8EAC267E0CC50088A04D /* monster003.png */,
				716E8EAD267E0CC50088A04D /* monster002.png */,
				716E8EAE267E0CC50088A04D /* monster001.png */,
				716E8EAF267E0CC50088A04D /* monster009.png */,
				716E8EB0267E0CC50088A04D /* monster008.png */,
			);
			path = monster;
			sourceTree = "<group>";
		};
/* End PBXGroup section */

/* Begin PBXNativeTarget section */
		716E8E87267E0BF00088A04D /* Gacha */ = {
			isa = PBXNativeTarget;
			buildConfigurationList = 716E8E9C267E0BF10088A04D /* Build configuration list for PBXNativeTarget "Gacha" */;
			buildPhases = (
				716E8E84267E0BF00088A04D /* Sources */,
				716E8E85267E0BF00088A04D /* Frameworks */,
				716E8E86267E0BF00088A04D /* Resources */,
				716E8E9F267E0C180088A04D /* SwiftLint */,
			);
			buildRules = (
			);
			dependencies = (
			);
			name = Gacha;
			productName = Gacha;
			productReference = 716E8E88267E0BF00088A04D /* Gacha.app */;
			productType = "com.apple.product-type.application";
		};
/* End PBXNativeTarget section */

/* Begin PBXProject section */
		716E8E80267E0BF00088A04D /* Project object */ = {
			isa = PBXProject;
			attributes = {
				LastSwiftUpdateCheck = 1250;
				LastUpgradeCheck = 1250;
				TargetAttributes = {
					716E8E87267E0BF00088A04D = {
						CreatedOnToolsVersion = 12.5;
					};
				};
			};
			buildConfigurationList = 716E8E83267E0BF00088A04D /* Build configuration list for PBXProject "Gacha" */;
			compatibilityVersion = "Xcode 9.3";
			developmentRegion = en;
			hasScannedForEncodings = 0;
			knownRegions = (
				en,
				Base,
			);
			mainGroup = 716E8E7F267E0BF00088A04D;
			productRefGroup = 716E8E89267E0BF00088A04D /* Products */;
			projectDirPath = "";
			projectRoot = "";
			targets = (
				716E8E87267E0BF00088A04D /* Gacha */,
			);
		};
/* End PBXProject section */

/* Begin PBXResourcesBuildPhase section */
		716E8E86267E0BF00088A04D /* Resources */ = {
			isa = PBXResourcesBuildPhase;
			buildActionMask = 2147483647;
			files = (
				716E8EB4267E0CC50088A04D /* bg_red@2x.png in Resources */,
				716E8E98267E0BF10088A04D /* LaunchScreen.storyboard in Resources */,
				716E8EBD267E0CC50088A04D /* monster009.png in Resources */,
				716E8EB2267E0CC50088A04D /* bg_gold@2x.png in Resources */,
				716E8EBA267E0CC50088A04D /* monster003.png in Resources */,
				716E8EBC267E0CC50088A04D /* monster001.png in Resources */,
				716E8EBE267E0CC50088A04D /* monster008.png in Resources */,
				716E8E95267E0BF10088A04D /* Assets.xcassets in Resources */,
				716E8EB9267E0CC50088A04D /* monster007.png in Resources */,
				716E8EB3267E0CC50088A04D /* gacha@2x.png in Resources */,
				716E8EBB267E0CC50088A04D /* monster002.png in Resources */,
				716E8E93267E0BF00088A04D /* Main.storyboard in Resources */,
				716E8EB6267E0CC50088A04D /* monster010.png in Resources */,
				716E8EB8267E0CC50088A04D /* monster006.png in Resources */,
				716E8EB5267E0CC50088A04D /* monster005.png in Resources */,
				716E8EB1267E0CC50088A04D /* bg_blue@2x.png in Resources */,
				716E8EB7267E0CC50088A04D /* monster004.png in Resources */,
			);
			runOnlyForDeploymentPostprocessing = 0;
		};
/* End PBXResourcesBuildPhase section */

/* Begin PBXShellScriptBuildPhase section */
		716E8E9F267E0C180088A04D /* SwiftLint */ = {
			isa = PBXShellScriptBuildPhase;
			buildActionMask = 2147483647;
			files = (
			);
			inputFileListPaths = (
			);
			inputPaths = (
			);
			name = SwiftLint;
			outputFileListPaths = (
			);
			outputPaths = (
			);
			runOnlyForDeploymentPostprocessing = 0;
			shellPath = /bin/sh;
			shellScript = "if which swiftlint >/dev/null; then\n  swiftlint\nelse\n  echo \"SwiftLint does not exist, download from https://github.com/realm/SwiftLint\"\nfi\n";
		};
/* End PBXShellScriptBuildPhase section */

/* Begin PBXSourcesBuildPhase section */
		716E8E84267E0BF00088A04D /* Sources */ = {
			isa = PBXSourcesBuildPhase;
			buildActionMask = 2147483647;
			files = (
				716E8E90267E0BF00088A04D /* ViewController.swift in Sources */,
				716E8E8C267E0BF00088A04D /* AppDelegate.swift in Sources */,
				716E8E8E267E0BF00088A04D /* SceneDelegate.swift in Sources */,
				716E8EC0267E0EA60088A04D /* ResultViewController.swift in Sources */,
			);
			runOnlyForDeploymentPostprocessing = 0;
		};
/* End PBXSourcesBuildPhase section */

/* Begin PBXVariantGroup section */
		716E8E91267E0BF00088A04D /* Main.storyboard */ = {
			isa = PBXVariantGroup;
			children = (
				716E8E92267E0BF00088A04D /* Base */,
			);
			name = Main.storyboard;
			sourceTree = "<group>";
		};
		716E8E96267E0BF10088A04D /* LaunchScreen.storyboard */ = {
			isa = PBXVariantGroup;
			children = (
				716E8E97267E0BF10088A04D /* Base */,
			);
			name = LaunchScreen.storyboard;
			sourceTree = "<group>";
		};
/* End PBXVariantGroup section */

/* Begin XCBuildConfiguration section */
		716E8E9A267E0BF10088A04D /* Debug */ = {
			isa = XCBuildConfiguration;
			buildSettings = {
				ALWAYS_SEARCH_USER_PATHS = NO;
				CLANG_ANALYZER_NONNULL = YES;
				CLANG_ANALYZER_NUMBER_OBJECT_CONVERSION = YES_AGGRESSIVE;
				CLANG_CXX_LANGUAGE_STANDARD = "gnu++14";
				CLANG_CXX_LIBRARY = "libc++";
				CLANG_ENABLE_MODULES = YES;
				CLANG_ENABLE_OBJC_ARC = YES;
				CLANG_ENABLE_OBJC_WEAK = YES;
				CLANG_WARN_BLOCK_CAPTURE_AUTORELEASING = YES;
				CLANG_WARN_BOOL_CONVERSION = YES;
				CLANG_WARN_COMMA = YES;
				CLANG_WARN_CONSTANT_CONVERSION = YES;
				CLANG_WARN_DEPRECATED_OBJC_IMPLEMENTATIONS = YES;
				CLANG_WARN_DIRECT_OBJC_ISA_USAGE = YES_ERROR;
				CLANG_WARN_DOCUMENTATION_COMMENTS = YES;
				CLANG_WARN_EMPTY_BODY = YES;
				CLANG_WARN_ENUM_CONVERSION = YES;
				CLANG_WARN_INFINITE_RECURSION = YES;
				CLANG_WARN_INT_CONVERSION = YES;
				CLANG_WARN_NON_LITERAL_NULL_CONVERSION = YES;
				CLANG_WARN_OBJC_IMPLICIT_RETAIN_SELF = YES;
				CLANG_WARN_OBJC_LITERAL_CONVERSION = YES;
				CLANG_WARN_OBJC_ROOT_CLASS = YES_ERROR;
				CLANG_WARN_QUOTED_INCLUDE_IN_FRAMEWORK_HEADER = YES;
				CLANG_WARN_RANGE_LOOP_ANALYSIS = YES;
				CLANG_WARN_STRICT_PROTOTYPES = YES;
				CLANG_WARN_SUSPICIOUS_MOVE = YES;
				CLANG_WARN_UNGUARDED_AVAILABILITY = YES_AGGRESSIVE;
				CLANG_WARN_UNREACHABLE_CODE = YES;
				CLANG_WARN__DUPLICATE_METHOD_MATCH = YES;
				COPY_PHASE_STRIP = NO;
				DEBUG_INFORMATION_FORMAT = dwarf;
				ENABLE_STRICT_OBJC_MSGSEND = YES;
				ENABLE_TESTABILITY = YES;
				GCC_C_LANGUAGE_STANDARD = gnu11;
				GCC_DYNAMIC_NO_PIC = NO;
				GCC_NO_COMMON_BLOCKS = YES;
				GCC_OPTIMIZATION_LEVEL = 0;
				GCC_PREPROCESSOR_DEFINITIONS = (
					"DEBUG=1",
					"$(inherited)",
				);
				GCC_WARN_64_TO_32_BIT_CONVERSION = YES;
				GCC_WARN_ABOUT_RETURN_TYPE = YES_ERROR;
				GCC_WARN_UNDECLARED_SELECTOR = YES;
				GCC_WARN_UNINITIALIZED_AUTOS = YES_AGGRESSIVE;
				GCC_WARN_UNUSED_FUNCTION = YES;
				GCC_WARN_UNUSED_VARIABLE = YES;
				IPHONEOS_DEPLOYMENT_TARGET = 14.5;
				MTL_ENABLE_DEBUG_INFO = INCLUDE_SOURCE;
				MTL_FAST_MATH = YES;
				ONLY_ACTIVE_ARCH = YES;
				SDKROOT = iphoneos;
				SWIFT_ACTIVE_COMPILATION_CONDITIONS = DEBUG;
				SWIFT_OPTIMIZATION_LEVEL = "-Onone";
			};
			name = Debug;
		};
		716E8E9B267E0BF10088A04D /* Release */ = {
			isa = XCBuildConfiguration;
			buildSettings = {
				ALWAYS_SEARCH_USER_PATHS = NO;
				CLANG_ANALYZER_NONNULL = YES;
				CLANG_ANALYZER_NUMBER_OBJECT_CONVERSION = YES_AGGRESSIVE;
				CLANG_CXX_LANGUAGE_STANDARD = "gnu++14";
				CLANG_CXX_LIBRARY = "libc++";
				CLANG_ENABLE_MODULES = YES;
				CLANG_ENABLE_OBJC_ARC = YES;
				CLANG_ENABLE_OBJC_WEAK = YES;
				CLANG_WARN_BLOCK_CAPTURE_AUTORELEASING = YES;
				CLANG_WARN_BOOL_CONVERSION = YES;
				CLANG_WARN_COMMA = YES;
				CLANG_WARN_CONSTANT_CONVERSION = YES;
				CLANG_WARN_DEPRECATED_OBJC_IMPLEMENTATIONS = YES;
				CLANG_WARN_DIRECT_OBJC_ISA_USAGE = YES_ERROR;
				CLANG_WARN_DOCUMENTATION_COMMENTS = YES;
				CLANG_WARN_EMPTY_BODY = YES;
				CLANG_WARN_ENUM_CONVERSION = YES;
				CLANG_WARN_INFINITE_RECURSION = YES;
				CLANG_WARN_INT_CONVERSION = YES;
				CLANG_WARN_NON_LITERAL_NULL_CONVERSION = YES;
				CLANG_WARN_OBJC_IMPLICIT_RETAIN_SELF = YES;
				CLANG_WARN_OBJC_LITERAL_CONVERSION = YES;
				CLANG_WARN_OBJC_ROOT_CLASS = YES_ERROR;
				CLANG_WARN_QUOTED_INCLUDE_IN_FRAMEWORK_HEADER = YES;
				CLANG_WARN_RANGE_LOOP_ANALYSIS = YES;
				CLANG_WARN_STRICT_PROTOTYPES = YES;
				CLANG_WARN_SUSPICIOUS_MOVE = YES;
				CLANG_WARN_UNGUARDED_AVAILABILITY = YES_AGGRESSIVE;
				CLANG_WARN_UNREACHABLE_CODE = YES;
				CLANG_WARN__DUPLICATE_METHOD_MATCH = YES;
				COPY_PHASE_STRIP = NO;
				DEBUG_INFORMATION_FORMAT = "dwarf-with-dsym";
				ENABLE_NS_ASSERTIONS = NO;
				ENABLE_STRICT_OBJC_MSGSEND = YES;
				GCC_C_LANGUAGE_STANDARD = gnu11;
				GCC_NO_COMMON_BLOCKS = YES;
				GCC_WARN_64_TO_32_BIT_CONVERSION = YES;
				GCC_WARN_ABOUT_RETURN_TYPE = YES_ERROR;
				GCC_WARN_UNDECLARED_SELECTOR = YES;
				GCC_WARN_UNINITIALIZED_AUTOS = YES_AGGRESSIVE;
				GCC_WARN_UNUSED_FUNCTION = YES;
				GCC_WARN_UNUSED_VARIABLE = YES;
				IPHONEOS_DEPLOYMENT_TARGET = 14.5;
				MTL_ENABLE_DEBUG_INFO = NO;
				MTL_FAST_MATH = YES;
				SDKROOT = iphoneos;
				SWIFT_COMPILATION_MODE = wholemodule;
				SWIFT_OPTIMIZATION_LEVEL = "-O";
				VALIDATE_PRODUCT = YES;
			};
			name = Release;
		};
		716E8E9D267E0BF10088A04D /* Debug */ = {
			isa = XCBuildConfiguration;
			buildSettings = {
				ASSETCATALOG_COMPILER_APPICON_NAME = AppIcon;
				ASSETCATALOG_COMPILER_GLOBAL_ACCENT_COLOR_NAME = AccentColor;
				CODE_SIGN_STYLE = Automatic;
				INFOPLIST_FILE = Gacha/Info.plist;
				LD_RUNPATH_SEARCH_PATHS = (
					"$(inherited)",
					"@executable_path/Frameworks",
				);
				PRODUCT_BUNDLE_IDENTIFIER = com.yukiny.test.Gacha;
				PRODUCT_NAME = "$(TARGET_NAME)";
				SWIFT_VERSION = 5.0;
				TARGETED_DEVICE_FAMILY = "1,2";
			};
			name = Debug;
		};
		716E8E9E267E0BF10088A04D /* Release */ = {
			isa = XCBuildConfiguration;
			buildSettings = {
				ASSETCATALOG_COMPILER_APPICON_NAME = AppIcon;
				ASSETCATALOG_COMPILER_GLOBAL_ACCENT_COLOR_NAME = AccentColor;
				CODE_SIGN_STYLE = Automatic;
				INFOPLIST_FILE = Gacha/Info.plist;
				LD_RUNPATH_SEARCH_PATHS = (
					"$(inherited)",
					"@executable_path/Frameworks",
				);
				PRODUCT_BUNDLE_IDENTIFIER = com.yukiny.test.Gacha;
				PRODUCT_NAME = "$(TARGET_NAME)";
				SWIFT_VERSION = 5.0;
				TARGETED_DEVICE_FAMILY = "1,2";
			};
			name = Release;
		};
/* End XCBuildConfiguration section */

/* Begin XCConfigurationList section */
		716E8E83267E0BF00088A04D /* Build configuration list for PBXProject "Gacha" */ = {
			isa = XCConfigurationList;
			buildConfigurations = (
				716E8E9A267E0BF10088A04D /* Debug */,
				716E8E9B267E0BF10088A04D /* Release */,
			);
			defaultConfigurationIsVisible = 0;
			defaultConfigurationName = Release;
		};
		716E8E9C267E0BF10088A04D /* Build configuration list for PBXNativeTarget "Gacha" */ = {
			isa = XCConfigurationList;
			buildConfigurations = (
				716E8E9D267E0BF10088A04D /* Debug */,
				716E8E9E267E0BF10088A04D /* Release */,
			);
			defaultConfigurationIsVisible = 0;
			defaultConfigurationName = Release;
		};
/* End XCConfigurationList section */
	};
	rootObject = 716E8E80267E0BF00088A04D /* Project object */;
}
